
Microsoft Visual Studio Solution File, Format Version 12.00
# Visual Studio Version 16
VisualStudioVersion = 16.0.30517.126
MinimumVisualStudioVersion = 10.0.40219.1
Project("{9A19103F-16F7-4668-BE54-9A1E7A4F7556}") = "StackDemo", "StackDemo\StackDemo.csproj", "{4D71B321-5461-4EF7-A943-8836FEA926DC}"
EndProject
Project("{9A19103F-16F7-4668-BE54-9A1E7A4F7556}") = "StructDemo", "StructDemo\StructDemo.csproj", "{6C9637FC-7E75-4D90-9FA8-490B87D973AC}"
EndProject
Project("{9A19103F-16F7-4668-BE54-9A1E7A4F7556}") = "ClassDemo", "ClassDemo\ClassDemo.csproj", "{55E05A24-D569-4A33-B420-BC42EC4E8177}"
EndProject
Project("{9A19103F-16F7-4668-BE54-9A1E7A4F7556}") = "QueueDemo", "QueueDemo\QueueDemo.csproj", "{87D43FA0-55A6-4197-98DA-EF775AB3442B}"
EndProject
Project("{9A19103F-16F7-4668-BE54-9A1E7A4F7556}") = "ThreadDemo", "ThreadDemo\ThreadDemo.csproj", "{439DEAA2-8389-470C-BF1F-1CC0663249FD}"
EndProject
Project("{9A19103F-16F7-4668-BE54-9A1E7A4F7556}") = "ThreadPoolDemo", "ThreadPoolDemo\ThreadPoolDemo.csproj", "{0E001036-1470-40AD-A087-8F6646AD1C31}"
EndProject
Project("{9A19103F-16F7-4668-BE54-9A1E7A4F7556}") = "TaskDemo", "TaskDemo\TaskDemo.csproj", "{9EB8D4E7-CAC7-4B9B-8B69-2C68802AB1DD}"
EndProject
Project("{9A19103F-16F7-4668-BE54-9A1E7A4F7556}") = "DateTimeDemo", "DateTimeDemo\DateTimeDemo.csproj", "{0A436A02-59C8-447D-A49F-94B6BC9D01EE}"
EndProject
Project("{9A19103F-16F7-4668-BE54-9A1E7A4F7556}") = "SystemIODemo", "SystemIODemo\SystemIODemo.csproj", "{FFBF6AC8-7405-4711-849E-97CF9CA54C8E}"
EndProject
Project("{9A19103F-16F7-4668-BE54-9A1E7A4F7556}") = "SendEmailDemo", "SendEmailDemo\SendEmailDemo.csproj", "{3DE5DF1E-DCB2-448F-AE27-7B006B997832}"
EndProject
Project("{9A19103F-16F7-4668-BE54-9A1E7A4F7556}") = "ReflectionDemo", "ReflectionDemo\ReflectionDemo.csproj", "{54B3D42A-811C-49BE-9ADF-C1411C5DD2AD}"
EndProject
Project("{9A19103F-16F7-4668-BE54-9A1E7A4F7556}") = "IPAddressDemo", "IPAddressDemo\IPAddressDemo.csproj", "{E2D80769-53D2-4366-90F5-9557441131B5}"
EndProject
Project("{9A19103F-16F7-4668-BE54-9A1E7A4F7556}") = "SingletonDemo", "SingletonDemo\SingletonDemo.csproj", "{FD89F258-C503-4690-96D1-91BE29840CD5}"
EndProject
Project("{9A19103F-16F7-4668-BE54-9A1E7A4F7556}") = "AutofacDynamicProxyDemo", "AutofacDynamicProxyDemo\AutofacDynamicProxyDemo.csproj", "{5DA232D5-616F-4BEE-BEF4-B1AACBC7B28A}"
EndProject
Project("{FAE04EC0-301F-11D3-BF4B-00C04F79EFBC}") = "WebServiceServerDemo", "WebServiceServerDemo\WebServiceServerDemo.csproj", "{505B02B5-22A4-457A-9459-0530717B397F}"
EndProject
Project("{FAE04EC0-301F-11D3-BF4B-00C04F79EFBC}") = "WebServiceClientDemo", "WebServiceClientDemo\WebServiceClientDemo.csproj", "{D1F6E33D-67C4-40EF-B1C7-77A2E2F8A6FF}"
EndProject
Project("{9A19103F-16F7-4668-BE54-9A1E7A4F7556}") = "ClosureDemo", "ClosureDemo\ClosureDemo.csproj", "{1E04AF2B-F258-495A-92C2-144AB5AF2D53}"
EndProject
Project("{9A19103F-16F7-4668-BE54-9A1E7A4F7556}") = "Quartz.net", "Quartz.net\Quartz.net.csproj", "{C9D561EC-91E4-42BF-9CAF-EB9B3992409B}"
EndProject
Project("{FAE04EC0-301F-11D3-BF4B-00C04F79EFBC}") = "WindowsService", "WindowsService\WindowsService.csproj", "{7FE572EC-5D37-4250-BD19-1100C390F5D4}"
EndProject
Project("{FAE04EC0-301F-11D3-BF4B-00C04F79EFBC}") = "Topshelf", "Topshelf\Topshelf.csproj", "{A8CC7150-6513-43B7-9D86-683153CF5573}"
EndProject
Project("{9A19103F-16F7-4668-BE54-9A1E7A4F7556}") = "Timer", "Timer\Timer.csproj", "{0976201C-09F8-49F5-8E52-242D568CC23E}"
EndProject
Project("{9A19103F-16F7-4668-BE54-9A1E7A4F7556}") = "Elasticsearch", "Elasticsearch\Elasticsearch.csproj", "{C38D7A6B-39A3-4F64-AC6A-855D853B5328}"
EndProject
Project("{9A19103F-16F7-4668-BE54-9A1E7A4F7556}") = "RedisDemo", "ServiceStack.Redis\RedisDemo.csproj", "{DDBB6521-43BF-46E2-B3AF-5597AB5F2827}"
EndProject
Project("{9A19103F-16F7-4668-BE54-9A1E7A4F7556}") = "MongoDB", "MongoDB\MongoDB.csproj", "{9DFA8326-0531-4124-A7F5-147615B9E0C4}"
EndProject
Project("{9A19103F-16F7-4668-BE54-9A1E7A4F7556}") = "DelegateDemo", "DelegateDemo\DelegateDemo.csproj", "{EDDB14AD-300B-4308-A4CB-155B140287F4}"
EndProject
Project("{9A19103F-16F7-4668-BE54-9A1E7A4F7556}") = "HangFireDemo", "HangFireDemo\HangFireDemo.csproj", "{2B7A6DA5-F72D-4F86-A06D-0DE52E4B1186}"
EndProject
Project("{9A19103F-16F7-4668-BE54-9A1E7A4F7556}") = "XmlDemo", "XmlDemo\XmlDemo.csproj", "{B6D94662-4D31-4FB5-9452-C8BC993C9A96}"
EndProject
Project("{9A19103F-16F7-4668-BE54-9A1E7A4F7556}") = "MediatRDemo", "MediatRDemo\MediatRDemo.csproj", "{046F8E76-210B-4D1F-A51B-4CB8BC21C752}"
EndProject
Project("{9A19103F-16F7-4668-BE54-9A1E7A4F7556}") = "MyCICD", "MyCICD\MyCICD.csproj", "{06D4BDBB-BF36-4E2E-A270-5E6F7637B62F}"
EndProject
Project("{FAE04EC0-301F-11D3-BF4B-00C04F79EFBC}") = "MavonEditorDemo", "MavonEditorDemo\MavonEditorDemo.csproj", "{FDEA7EEA-7CDC-4822-A222-81C34089AC52}"
EndProject
Project("{FAE04EC0-301F-11D3-BF4B-00C04F79EFBC}") = "DataFlows", "DataFlows\DataFlows.csproj", "{496B67F5-3CDC-4EB3-8196-C21596A3D6EC}"
EndProject
Project("{FAE04EC0-301F-11D3-BF4B-00C04F79EFBC}") = "Channels", "Channels\Channels.csproj", "{0F8AE099-BF51-46FD-8F62-384E92F276D5}"
EndProject
Project("{FAE04EC0-301F-11D3-BF4B-00C04F79EFBC}") = "RabbitMQProducerDemo", "RabbitMQProducerDemo\RabbitMQProducerDemo.csproj", "{C4C76AC9-50CC-4359-9906-05327F06B185}"
EndProject
Project("{FAE04EC0-301F-11D3-BF4B-00C04F79EFBC}") = "RabbitMQConsumerDemo", "RabbitMQConsumerDemo\RabbitMQConsumerDemo.csproj", "{99F6665B-7650-42AB-BCEF-107F20A0DB63}"
EndProject
Global
	GlobalSection(SolutionConfigurationPlatforms) = preSolution
		Debug|Any CPU = Debug|Any CPU
		Release|Any CPU = Release|Any CPU
	EndGlobalSection
	GlobalSection(ProjectConfigurationPlatforms) = postSolution
		{4D71B321-5461-4EF7-A943-8836FEA926DC}.Debug|Any CPU.ActiveCfg = Debug|Any CPU
		{4D71B321-5461-4EF7-A943-8836FEA926DC}.Debug|Any CPU.Build.0 = Debug|Any CPU
		{4D71B321-5461-4EF7-A943-8836FEA926DC}.Release|Any CPU.ActiveCfg = Release|Any CPU
		{4D71B321-5461-4EF7-A943-8836FEA926DC}.Release|Any CPU.Build.0 = Release|Any CPU
		{6C9637FC-7E75-4D90-9FA8-490B87D973AC}.Debug|Any CPU.ActiveCfg = Debug|Any CPU
		{6C9637FC-7E75-4D90-9FA8-490B87D973AC}.Debug|Any CPU.Build.0 = Debug|Any CPU
		{6C9637FC-7E75-4D90-9FA8-490B87D973AC}.Release|Any CPU.ActiveCfg = Release|Any CPU
		{6C9637FC-7E75-4D90-9FA8-490B87D973AC}.Release|Any CPU.Build.0 = Release|Any CPU
		{55E05A24-D569-4A33-B420-BC42EC4E8177}.Debug|Any CPU.ActiveCfg = Debug|Any CPU
		{55E05A24-D569-4A33-B420-BC42EC4E8177}.Debug|Any CPU.Build.0 = Debug|Any CPU
		{55E05A24-D569-4A33-B420-BC42EC4E8177}.Release|Any CPU.ActiveCfg = Release|Any CPU
		{55E05A24-D569-4A33-B420-BC42EC4E8177}.Release|Any CPU.Build.0 = Release|Any CPU
		{87D43FA0-55A6-4197-98DA-EF775AB3442B}.Debug|Any CPU.ActiveCfg = Debug|Any CPU
		{87D43FA0-55A6-4197-98DA-EF775AB3442B}.Debug|Any CPU.Build.0 = Debug|Any CPU
		{87D43FA0-55A6-4197-98DA-EF775AB3442B}.Release|Any CPU.ActiveCfg = Release|Any CPU
		{87D43FA0-55A6-4197-98DA-EF775AB3442B}.Release|Any CPU.Build.0 = Release|Any CPU
		{439DEAA2-8389-470C-BF1F-1CC0663249FD}.Debug|Any CPU.ActiveCfg = Debug|Any CPU
		{439DEAA2-8389-470C-BF1F-1CC0663249FD}.Debug|Any CPU.Build.0 = Debug|Any CPU
		{439DEAA2-8389-470C-BF1F-1CC0663249FD}.Release|Any CPU.ActiveCfg = Release|Any CPU
		{439DEAA2-8389-470C-BF1F-1CC0663249FD}.Release|Any CPU.Build.0 = Release|Any CPU
		{0E001036-1470-40AD-A087-8F6646AD1C31}.Debug|Any CPU.ActiveCfg = Debug|Any CPU
		{0E001036-1470-40AD-A087-8F6646AD1C31}.Debug|Any CPU.Build.0 = Debug|Any CPU
		{0E001036-1470-40AD-A087-8F6646AD1C31}.Release|Any CPU.ActiveCfg = Release|Any CPU
		{0E001036-1470-40AD-A087-8F6646AD1C31}.Release|Any CPU.Build.0 = Release|Any CPU
		{9EB8D4E7-CAC7-4B9B-8B69-2C68802AB1DD}.Debug|Any CPU.ActiveCfg = Debug|Any CPU
		{9EB8D4E7-CAC7-4B9B-8B69-2C68802AB1DD}.Debug|Any CPU.Build.0 = Debug|Any CPU
		{9EB8D4E7-CAC7-4B9B-8B69-2C68802AB1DD}.Release|Any CPU.ActiveCfg = Release|Any CPU
		{9EB8D4E7-CAC7-4B9B-8B69-2C68802AB1DD}.Release|Any CPU.Build.0 = Release|Any CPU
		{0A436A02-59C8-447D-A49F-94B6BC9D01EE}.Debug|Any CPU.ActiveCfg = Debug|Any CPU
		{0A436A02-59C8-447D-A49F-94B6BC9D01EE}.Debug|Any CPU.Build.0 = Debug|Any CPU
		{0A436A02-59C8-447D-A49F-94B6BC9D01EE}.Release|Any CPU.ActiveCfg = Release|Any CPU
		{0A436A02-59C8-447D-A49F-94B6BC9D01EE}.Release|Any CPU.Build.0 = Release|Any CPU
		{FFBF6AC8-7405-4711-849E-97CF9CA54C8E}.Debug|Any CPU.ActiveCfg = Debug|Any CPU
		{FFBF6AC8-7405-4711-849E-97CF9CA54C8E}.Debug|Any CPU.Build.0 = Debug|Any CPU
		{FFBF6AC8-7405-4711-849E-97CF9CA54C8E}.Release|Any CPU.ActiveCfg = Release|Any CPU
		{FFBF6AC8-7405-4711-849E-97CF9CA54C8E}.Release|Any CPU.Build.0 = Release|Any CPU
		{3DE5DF1E-DCB2-448F-AE27-7B006B997832}.Debug|Any CPU.ActiveCfg = Debug|Any CPU
		{3DE5DF1E-DCB2-448F-AE27-7B006B997832}.Debug|Any CPU.Build.0 = Debug|Any CPU
		{3DE5DF1E-DCB2-448F-AE27-7B006B997832}.Release|Any CPU.ActiveCfg = Release|Any CPU
		{3DE5DF1E-DCB2-448F-AE27-7B006B997832}.Release|Any CPU.Build.0 = Release|Any CPU
		{54B3D42A-811C-49BE-9ADF-C1411C5DD2AD}.Debug|Any CPU.ActiveCfg = Debug|Any CPU
		{54B3D42A-811C-49BE-9ADF-C1411C5DD2AD}.Debug|Any CPU.Build.0 = Debug|Any CPU
		{54B3D42A-811C-49BE-9ADF-C1411C5DD2AD}.Release|Any CPU.ActiveCfg = Release|Any CPU
		{54B3D42A-811C-49BE-9ADF-C1411C5DD2AD}.Release|Any CPU.Build.0 = Release|Any CPU
		{E2D80769-53D2-4366-90F5-9557441131B5}.Debug|Any CPU.ActiveCfg = Debug|Any CPU
		{E2D80769-53D2-4366-90F5-9557441131B5}.Debug|Any CPU.Build.0 = Debug|Any CPU
		{E2D80769-53D2-4366-90F5-9557441131B5}.Release|Any CPU.ActiveCfg = Release|Any CPU
		{E2D80769-53D2-4366-90F5-9557441131B5}.Release|Any CPU.Build.0 = Release|Any CPU
		{FD89F258-C503-4690-96D1-91BE29840CD5}.Debug|Any CPU.ActiveCfg = Debug|Any CPU
		{FD89F258-C503-4690-96D1-91BE29840CD5}.Debug|Any CPU.Build.0 = Debug|Any CPU
		{FD89F258-C503-4690-96D1-91BE29840CD5}.Release|Any CPU.ActiveCfg = Release|Any CPU
		{FD89F258-C503-4690-96D1-91BE29840CD5}.Release|Any CPU.Build.0 = Release|Any CPU
		{5DA232D5-616F-4BEE-BEF4-B1AACBC7B28A}.Debug|Any CPU.ActiveCfg = Debug|Any CPU
		{5DA232D5-616F-4BEE-BEF4-B1AACBC7B28A}.Debug|Any CPU.Build.0 = Debug|Any CPU
		{5DA232D5-616F-4BEE-BEF4-B1AACBC7B28A}.Release|Any CPU.ActiveCfg = Release|Any CPU
		{5DA232D5-616F-4BEE-BEF4-B1AACBC7B28A}.Release|Any CPU.Build.0 = Release|Any CPU
		{505B02B5-22A4-457A-9459-0530717B397F}.Debug|Any CPU.ActiveCfg = Debug|Any CPU
		{505B02B5-22A4-457A-9459-0530717B397F}.Debug|Any CPU.Build.0 = Debug|Any CPU
		{505B02B5-22A4-457A-9459-0530717B397F}.Release|Any CPU.ActiveCfg = Release|Any CPU
		{505B02B5-22A4-457A-9459-0530717B397F}.Release|Any CPU.Build.0 = Release|Any CPU
		{D1F6E33D-67C4-40EF-B1C7-77A2E2F8A6FF}.Debug|Any CPU.ActiveCfg = Debug|Any CPU
		{D1F6E33D-67C4-40EF-B1C7-77A2E2F8A6FF}.Debug|Any CPU.Build.0 = Debug|Any CPU
		{D1F6E33D-67C4-40EF-B1C7-77A2E2F8A6FF}.Release|Any CPU.ActiveCfg = Release|Any CPU
		{D1F6E33D-67C4-40EF-B1C7-77A2E2F8A6FF}.Release|Any CPU.Build.0 = Release|Any CPU
		{1E04AF2B-F258-495A-92C2-144AB5AF2D53}.Debug|Any CPU.ActiveCfg = Debug|Any CPU
		{1E04AF2B-F258-495A-92C2-144AB5AF2D53}.Debug|Any CPU.Build.0 = Debug|Any CPU
		{1E04AF2B-F258-495A-92C2-144AB5AF2D53}.Release|Any CPU.ActiveCfg = Release|Any CPU
		{1E04AF2B-F258-495A-92C2-144AB5AF2D53}.Release|Any CPU.Build.0 = Release|Any CPU
		{C9D561EC-91E4-42BF-9CAF-EB9B3992409B}.Debug|Any CPU.ActiveCfg = Debug|Any CPU
		{C9D561EC-91E4-42BF-9CAF-EB9B3992409B}.Debug|Any CPU.Build.0 = Debug|Any CPU
		{C9D561EC-91E4-42BF-9CAF-EB9B3992409B}.Release|Any CPU.ActiveCfg = Release|Any CPU
		{C9D561EC-91E4-42BF-9CAF-EB9B3992409B}.Release|Any CPU.Build.0 = Release|Any CPU
		{7FE572EC-5D37-4250-BD19-1100C390F5D4}.Debug|Any CPU.ActiveCfg = Debug|Any CPU
		{7FE572EC-5D37-4250-BD19-1100C390F5D4}.Debug|Any CPU.Build.0 = Debug|Any CPU
		{7FE572EC-5D37-4250-BD19-1100C390F5D4}.Release|Any CPU.ActiveCfg = Release|Any CPU
		{7FE572EC-5D37-4250-BD19-1100C390F5D4}.Release|Any CPU.Build.0 = Release|Any CPU
		{A8CC7150-6513-43B7-9D86-683153CF5573}.Debug|Any CPU.ActiveCfg = Debug|Any CPU
		{A8CC7150-6513-43B7-9D86-683153CF5573}.Debug|Any CPU.Build.0 = Debug|Any CPU
		{A8CC7150-6513-43B7-9D86-683153CF5573}.Release|Any CPU.ActiveCfg = Release|Any CPU
		{A8CC7150-6513-43B7-9D86-683153CF5573}.Release|Any CPU.Build.0 = Release|Any CPU
		{0976201C-09F8-49F5-8E52-242D568CC23E}.Debug|Any CPU.ActiveCfg = Debug|Any CPU
		{0976201C-09F8-49F5-8E52-242D568CC23E}.Debug|Any CPU.Build.0 = Debug|Any CPU
		{0976201C-09F8-49F5-8E52-242D568CC23E}.Release|Any CPU.ActiveCfg = Release|Any CPU
		{0976201C-09F8-49F5-8E52-242D568CC23E}.Release|Any CPU.Build.0 = Release|Any CPU
		{C38D7A6B-39A3-4F64-AC6A-855D853B5328}.Debug|Any CPU.ActiveCfg = Debug|Any CPU
		{C38D7A6B-39A3-4F64-AC6A-855D853B5328}.Debug|Any CPU.Build.0 = Debug|Any CPU
		{C38D7A6B-39A3-4F64-AC6A-855D853B5328}.Release|Any CPU.ActiveCfg = Release|Any CPU
		{C38D7A6B-39A3-4F64-AC6A-855D853B5328}.Release|Any CPU.Build.0 = Release|Any CPU
		{DDBB6521-43BF-46E2-B3AF-5597AB5F2827}.Debug|Any CPU.ActiveCfg = Debug|Any CPU
		{DDBB6521-43BF-46E2-B3AF-5597AB5F2827}.Debug|Any CPU.Build.0 = Debug|Any CPU
		{DDBB6521-43BF-46E2-B3AF-5597AB5F2827}.Release|Any CPU.ActiveCfg = Release|Any CPU
		{DDBB6521-43BF-46E2-B3AF-5597AB5F2827}.Release|Any CPU.Build.0 = Release|Any CPU
		{9DFA8326-0531-4124-A7F5-147615B9E0C4}.Debug|Any CPU.ActiveCfg = Debug|Any CPU
		{9DFA8326-0531-4124-A7F5-147615B9E0C4}.Debug|Any CPU.Build.0 = Debug|Any CPU
		{9DFA8326-0531-4124-A7F5-147615B9E0C4}.Release|Any CPU.ActiveCfg = Release|Any CPU
		{9DFA8326-0531-4124-A7F5-147615B9E0C4}.Release|Any CPU.Build.0 = Release|Any CPU
		{EDDB14AD-300B-4308-A4CB-155B140287F4}.Debug|Any CPU.ActiveCfg = Debug|Any CPU
		{EDDB14AD-300B-4308-A4CB-155B140287F4}.Debug|Any CPU.Build.0 = Debug|Any CPU
		{EDDB14AD-300B-4308-A4CB-155B140287F4}.Release|Any CPU.ActiveCfg = Release|Any CPU
		{EDDB14AD-300B-4308-A4CB-155B140287F4}.Release|Any CPU.Build.0 = Release|Any CPU
		{2B7A6DA5-F72D-4F86-A06D-0DE52E4B1186}.Debug|Any CPU.ActiveCfg = Debug|Any CPU
		{2B7A6DA5-F72D-4F86-A06D-0DE52E4B1186}.Debug|Any CPU.Build.0 = Debug|Any CPU
		{2B7A6DA5-F72D-4F86-A06D-0DE52E4B1186}.Release|Any CPU.ActiveCfg = Release|Any CPU
		{2B7A6DA5-F72D-4F86-A06D-0DE52E4B1186}.Release|Any CPU.Build.0 = Release|Any CPU
		{B6D94662-4D31-4FB5-9452-C8BC993C9A96}.Debug|Any CPU.ActiveCfg = Debug|Any CPU
		{B6D94662-4D31-4FB5-9452-C8BC993C9A96}.Debug|Any CPU.Build.0 = Debug|Any CPU
		{B6D94662-4D31-4FB5-9452-C8BC993C9A96}.Release|Any CPU.ActiveCfg = Release|Any CPU
		{B6D94662-4D31-4FB5-9452-C8BC993C9A96}.Release|Any CPU.Build.0 = Release|Any CPU
		{046F8E76-210B-4D1F-A51B-4CB8BC21C752}.Debug|Any CPU.ActiveCfg = Debug|Any CPU
		{046F8E76-210B-4D1F-A51B-4CB8BC21C752}.Debug|Any CPU.Build.0 = Debug|Any CPU
		{046F8E76-210B-4D1F-A51B-4CB8BC21C752}.Release|Any CPU.ActiveCfg = Release|Any CPU
		{046F8E76-210B-4D1F-A51B-4CB8BC21C752}.Release|Any CPU.Build.0 = Release|Any CPU
		{06D4BDBB-BF36-4E2E-A270-5E6F7637B62F}.Debug|Any CPU.ActiveCfg = Debug|Any CPU
		{06D4BDBB-BF36-4E2E-A270-5E6F7637B62F}.Debug|Any CPU.Build.0 = Debug|Any CPU
		{06D4BDBB-BF36-4E2E-A270-5E6F7637B62F}.Release|Any CPU.ActiveCfg = Release|Any CPU
		{06D4BDBB-BF36-4E2E-A270-5E6F7637B62F}.Release|Any CPU.Build.0 = Release|Any CPU
		{FDEA7EEA-7CDC-4822-A222-81C34089AC52}.Debug|Any CPU.ActiveCfg = Debug|Any CPU
		{FDEA7EEA-7CDC-4822-A222-81C34089AC52}.Debug|Any CPU.Build.0 = Debug|Any CPU
		{FDEA7EEA-7CDC-4822-A222-81C34089AC52}.Release|Any CPU.ActiveCfg = Release|Any CPU
		{FDEA7EEA-7CDC-4822-A222-81C34089AC52}.Release|Any CPU.Build.0 = Release|Any CPU
		{496B67F5-3CDC-4EB3-8196-C21596A3D6EC}.Debug|Any CPU.ActiveCfg = Debug|Any CPU
		{496B67F5-3CDC-4EB3-8196-C21596A3D6EC}.Debug|Any CPU.Build.0 = Debug|Any CPU
		{496B67F5-3CDC-4EB3-8196-C21596A3D6EC}.Release|Any CPU.ActiveCfg = Release|Any CPU
		{496B67F5-3CDC-4EB3-8196-C21596A3D6EC}.Release|Any CPU.Build.0 = Release|Any CPU
		{0F8AE099-BF51-46FD-8F62-384E92F276D5}.Debug|Any CPU.ActiveCfg = Debug|Any CPU
		{0F8AE099-BF51-46FD-8F62-384E92F276D5}.Debug|Any CPU.Build.0 = Debug|Any CPU
		{0F8AE099-BF51-46FD-8F62-384E92F276D5}.Release|Any CPU.ActiveCfg = Release|Any CPU
		{0F8AE099-BF51-46FD-8F62-384E92F276D5}.Release|Any CPU.Build.0 = Release|Any CPU
		{C4C76AC9-50CC-4359-9906-05327F06B185}.Debug|Any CPU.ActiveCfg = Debug|Any CPU
		{C4C76AC9-50CC-4359-9906-05327F06B185}.Debug|Any CPU.Build.0 = Debug|Any CPU
		{C4C76AC9-50CC-4359-9906-05327F06B185}.Release|Any CPU.ActiveCfg = Release|Any CPU
		{C4C76AC9-50CC-4359-9906-05327F06B185}.Release|Any CPU.Build.0 = Release|Any CPU
		{99F6665B-7650-42AB-BCEF-107F20A0DB63}.Debug|Any CPU.ActiveCfg = Debug|Any CPU
		{99F6665B-7650-42AB-BCEF-107F20A0DB63}.Debug|Any CPU.Build.0 = Debug|Any CPU
		{99F6665B-7650-42AB-BCEF-107F20A0DB63}.Release|Any CPU.ActiveCfg = Release|Any CPU
		{99F6665B-7650-42AB-BCEF-107F20A0DB63}.Release|Any CPU.Build.0 = Release|Any CPU
	EndGlobalSection
	GlobalSection(SolutionProperties) = preSolution
		HideSolutionNode = FALSE
	EndGlobalSection
	GlobalSection(ExtensibilityGlobals) = postSolution
		SolutionGuid = {E9767B9D-6876-4A04-9FFE-92B74DF8EF43}
	EndGlobalSection
EndGlobal
